
Microsoft Visual Studio Solution File, Format Version 12.00
# Visual Studio 15
VisualStudioVersion = 15.0.26730.10
MinimumVisualStudioVersion = 10.0.40219.1
Project("{8BC9CEB8-8B4A-11D0-8D11-00A0C91BC942}") = "Проект11", "Проект11\Проект11.vcxproj", "{4570977E-C6DC-4E9A-B246-49587E9086AA}"
EndProject
Global
	GlobalSection(SolutionConfigurationPlatforms) = preSolution
		Debug|x64 = Debug|x64
		Debug|x86 = Debug|x86
		Release|x64 = Release|x64
		Release|x86 = Release|x86
	EndGlobalSection
	GlobalSection(ProjectConfigurationPlatforms) = postSolution
		{4570977E-C6DC-4E9A-B246-49587E9086AA}.Debug|x64.ActiveCfg = Debug|x64
		{4570977E-C6DC-4E9A-B246-49587E9086AA}.Debug|x64.Build.0 = Debug|x64
		{4570977E-C6DC-4E9A-B246-49587E9086AA}.Debug|x86.ActiveCfg = Debug|Win32
		{4570977E-C6DC-4E9A-B246-49587E9086AA}.Debug|x86.Build.0 = Debug|Win32
		{4570977E-C6DC-4E9A-B246-49587E9086AA}.Release|x64.ActiveCfg = Release|x64
		{4570977E-C6DC-4E9A-B246-49587E9086AA}.Release|x64.Build.0 = Release|x64
		{4570977E-C6DC-4E9A-B246-49587E9086AA}.Release|x86.ActiveCfg = Release|Win32
		{4570977E-C6DC-4E9A-B246-49587E9086AA}.Release|x86.Build.0 = Release|Win32
	EndGlobalSection
	GlobalSection(SolutionProperties) = preSolution
		HideSolutionNode = FALSE
	EndGlobalSection
	GlobalSection(ExtensibilityGlobals) = postSolution
		SolutionGuid = {2EBD5E9F-E9FC-4D0D-AC4A-D4AFB9DA2D70}
	EndGlobalSection
EndGlobal
