
Microsoft Visual Studio Solution File, Format Version 12.00
# Visual Studio 15
VisualStudioVersion = 15.0.26730.10
MinimumVisualStudioVersion = 10.0.40219.1
Project("{8BC9CEB8-8B4A-11D0-8D11-00A0C91BC942}") = "XML", "XML\XML.vcxproj", "{4D8D93B4-6754-4981-AA05-B687C653E0C9}"
EndProject
Global
	GlobalSection(SolutionConfigurationPlatforms) = preSolution
		Debug|x64 = Debug|x64
		Debug|x86 = Debug|x86
		Release|x64 = Release|x64
		Release|x86 = Release|x86
	EndGlobalSection
	GlobalSection(ProjectConfigurationPlatforms) = postSolution
		{4D8D93B4-6754-4981-AA05-B687C653E0C9}.Debug|x64.ActiveCfg = Debug|x64
		{4D8D93B4-6754-4981-AA05-B687C653E0C9}.Debug|x64.Build.0 = Debug|x64
		{4D8D93B4-6754-4981-AA05-B687C653E0C9}.Debug|x86.ActiveCfg = Debug|Win32
		{4D8D93B4-6754-4981-AA05-B687C653E0C9}.Debug|x86.Build.0 = Debug|Win32
		{4D8D93B4-6754-4981-AA05-B687C653E0C9}.Release|x64.ActiveCfg = Release|x64
		{4D8D93B4-6754-4981-AA05-B687C653E0C9}.Release|x64.Build.0 = Release|x64
		{4D8D93B4-6754-4981-AA05-B687C653E0C9}.Release|x86.ActiveCfg = Release|Win32
		{4D8D93B4-6754-4981-AA05-B687C653E0C9}.Release|x86.Build.0 = Release|Win32
	EndGlobalSection
	GlobalSection(SolutionProperties) = preSolution
		HideSolutionNode = FALSE
	EndGlobalSection
	GlobalSection(ExtensibilityGlobals) = postSolution
		SolutionGuid = {237D5CB2-85BA-4833-BF5D-5D80AA1CE5B3}
	EndGlobalSection
EndGlobal
